
Microsoft Visual Studio Solution File, Format Version 12.00
# Visual Studio Version 16
VisualStudioVersion = 16.0.36128.20
MinimumVisualStudioVersion = 10.0.40219.1
Project("{FAE04EC0-301F-11D3-BF4B-00C04F79EFBC}") = "LTI", "LTI\LTI.csproj", "{DF5E61DF-2418-4C87-BBFA-2AC296BD5844}"
EndProject
Global
	GlobalSection(SolutionConfigurationPlatforms) = preSolution
		Debug|Any CPU = Debug|Any CPU
		Release|Any CPU = Release|Any CPU
	EndGlobalSection
	GlobalSection(ProjectConfigurationPlatforms) = postSolution
		{DF5E61DF-2418-4C87-BBFA-2AC296BD5844}.Debug|Any CPU.ActiveCfg = Debug|Any CPU
		{DF5E61DF-2418-4C87-BBFA-2AC296BD5844}.Debug|Any CPU.Build.0 = Debug|Any CPU
		{DF5E61DF-2418-4C87-BBFA-2AC296BD5844}.Release|Any CPU.ActiveCfg = Release|Any CPU
		{DF5E61DF-2418-4C87-BBFA-2AC296BD5844}.Release|Any CPU.Build.0 = Release|Any CPU
	EndGlobalSection
	GlobalSection(SolutionProperties) = preSolution
		HideSolutionNode = FALSE
	EndGlobalSection
	GlobalSection(ExtensibilityGlobals) = postSolution
		SolutionGuid = {278E0A4A-F312-4DAA-A8B0-4E7FF64C5E6F}
	EndGlobalSection
EndGlobal
