
Microsoft Visual Studio Solution File, Format Version 12.00
# Visual Studio Version 16
VisualStudioVersion = 16.0.36128.20
MinimumVisualStudioVersion = 10.0.40219.1
Project("{FAE04EC0-301F-11D3-BF4B-00C04F79EFBC}") = "Assingment ASP 1", "Assingment ASP 1\Assingment ASP 1.csproj", "{265859BD-B082-4CD8-9B16-8B045BC952B6}"
EndProject
Global
	GlobalSection(SolutionConfigurationPlatforms) = preSolution
		Debug|Any CPU = Debug|Any CPU
		Release|Any CPU = Release|Any CPU
	EndGlobalSection
	GlobalSection(ProjectConfigurationPlatforms) = postSolution
		{265859BD-B082-4CD8-9B16-8B045BC952B6}.Debug|Any CPU.ActiveCfg = Debug|Any CPU
		{265859BD-B082-4CD8-9B16-8B045BC952B6}.Debug|Any CPU.Build.0 = Debug|Any CPU
		{265859BD-B082-4CD8-9B16-8B045BC952B6}.Release|Any CPU.ActiveCfg = Release|Any CPU
		{265859BD-B082-4CD8-9B16-8B045BC952B6}.Release|Any CPU.Build.0 = Release|Any CPU
	EndGlobalSection
	GlobalSection(SolutionProperties) = preSolution
		HideSolutionNode = FALSE
	EndGlobalSection
	GlobalSection(ExtensibilityGlobals) = postSolution
		SolutionGuid = {50D2AD08-E88A-413A-B80B-314EE8F8D8CF}
	EndGlobalSection
EndGlobal
